
Microsoft Visual Studio Solution File, Format Version 12.00
# Visual Studio Version 17
VisualStudioVersion = 17.9.34622.214
MinimumVisualStudioVersion = 10.0.40219.1
Project("{2150E333-8FDC-42A3-9474-1A3956D46DE8}") = "src", "src", "{89E7D2BB-CBC0-40ED-857C-092405AA61F8}"
EndProject
Project("{2150E333-8FDC-42A3-9474-1A3956D46DE8}") = "tests", "tests", "{EEF2BF17-ADBA-42DC-BF11-326E5CD4F944}"
EndProject
Project("{2150E333-8FDC-42A3-9474-1A3956D46DE8}") = "Api", "Api", "{EAD7827D-2384-455A-BC5F-12131BF83DF9}"
EndProject
Project("{2150E333-8FDC-42A3-9474-1A3956D46DE8}") = "Core", "Core", "{DAEBFDB2-3023-4880-8A5C-CDD833E7B00A}"
EndProject
Project("{2150E333-8FDC-42A3-9474-1A3956D46DE8}") = "Infrastructure", "Infrastructure", "{DA1224FB-04D2-43A2-BE30-35387D68A051}"
EndProject
Project("{2150E333-8FDC-42A3-9474-1A3956D46DE8}") = "Ui", "Ui", "{DD316D92-B494-4D3D-8462-C9F4F6D38689}"
EndProject
Project("{2150E333-8FDC-42A3-9474-1A3956D46DE8}") = "gRPC", "gRPC", "{921F0567-E4C5-4A3D-8701-911D36CE6980}"
EndProject
Project("{9A19103F-16F7-4668-BE54-9A1E7A4F7556}") = "Domain", "Domain\Domain.csproj", "{18739E5C-04EC-497D-91EA-4902B00B669C}"
EndProject
Project("{9A19103F-16F7-4668-BE54-9A1E7A4F7556}") = "Application", "Application\Application.csproj", "{140BB512-1C3C-4F32-B5B8-025320137298}"
EndProject
Project("{9A19103F-16F7-4668-BE54-9A1E7A4F7556}") = "Infrastructure", "Infrastrucutre\Infrastructure.csproj", "{49FF9DCC-9D66-4968-99B3-B6CC1D0EC01C}"
EndProject
Project("{9A19103F-16F7-4668-BE54-9A1E7A4F7556}") = "Identity", "Identity\Identity.csproj", "{53755CFF-8DCC-45EC-8859-7AE7D1601424}"
EndProject
Project("{9A19103F-16F7-4668-BE54-9A1E7A4F7556}") = "RestraurantAPI", "RestraurantAPI\RestraurantAPI.csproj", "{ACBBC7FA-9C22-4168-BB9A-19A459141A68}"
EndProject
Project("{9A19103F-16F7-4668-BE54-9A1E7A4F7556}") = "RestaurantUI", "RestaurantUI\RestaurantUI.csproj", "{0DBEF469-EB7B-4A21-87FF-69ABFE16FC3B}"
EndProject
Project("{9A19103F-16F7-4668-BE54-9A1E7A4F7556}") = "GrpcService", "GrpcService\GrpcService.csproj", "{D68A37B3-766C-4FA1-A47C-5097455976F9}"
EndProject
Project("{FAE04EC0-301F-11D3-BF4B-00C04F79EFBC}") = "RestaurantAPI.IntegrationTest", "RestaurantAPI.IntegrationTest\RestaurantAPI.IntegrationTest.csproj", "{DC1241FF-E640-4378-8815-C28E3F5B98F5}"
EndProject
Project("{FAE04EC0-301F-11D3-BF4B-00C04F79EFBC}") = "Application.UnitTest", "RestaurantAPI.UnitTest\Application.UnitTest.csproj", "{929A5965-F6B1-402C-A4FE-FA5EB0378125}"
EndProject
Project("{FAE04EC0-301F-11D3-BF4B-00C04F79EFBC}") = "Domain.UnitTest", "Domain.UnitTest\Domain.UnitTest.csproj", "{13594C09-8B75-4E5C-B826-2069B6958EC6}"
EndProject
Global
	GlobalSection(SolutionConfigurationPlatforms) = preSolution
		Debug|Any CPU = Debug|Any CPU
		Release|Any CPU = Release|Any CPU
	EndGlobalSection
	GlobalSection(ProjectConfigurationPlatforms) = postSolution
		{18739E5C-04EC-497D-91EA-4902B00B669C}.Debug|Any CPU.ActiveCfg = Debug|Any CPU
		{18739E5C-04EC-497D-91EA-4902B00B669C}.Debug|Any CPU.Build.0 = Debug|Any CPU
		{18739E5C-04EC-497D-91EA-4902B00B669C}.Release|Any CPU.ActiveCfg = Release|Any CPU
		{18739E5C-04EC-497D-91EA-4902B00B669C}.Release|Any CPU.Build.0 = Release|Any CPU
		{140BB512-1C3C-4F32-B5B8-025320137298}.Debug|Any CPU.ActiveCfg = Debug|Any CPU
		{140BB512-1C3C-4F32-B5B8-025320137298}.Debug|Any CPU.Build.0 = Debug|Any CPU
		{140BB512-1C3C-4F32-B5B8-025320137298}.Release|Any CPU.ActiveCfg = Release|Any CPU
		{140BB512-1C3C-4F32-B5B8-025320137298}.Release|Any CPU.Build.0 = Release|Any CPU
		{49FF9DCC-9D66-4968-99B3-B6CC1D0EC01C}.Debug|Any CPU.ActiveCfg = Debug|Any CPU
		{49FF9DCC-9D66-4968-99B3-B6CC1D0EC01C}.Debug|Any CPU.Build.0 = Debug|Any CPU
		{49FF9DCC-9D66-4968-99B3-B6CC1D0EC01C}.Release|Any CPU.ActiveCfg = Release|Any CPU
		{49FF9DCC-9D66-4968-99B3-B6CC1D0EC01C}.Release|Any CPU.Build.0 = Release|Any CPU
		{53755CFF-8DCC-45EC-8859-7AE7D1601424}.Debug|Any CPU.ActiveCfg = Debug|Any CPU
		{53755CFF-8DCC-45EC-8859-7AE7D1601424}.Debug|Any CPU.Build.0 = Debug|Any CPU
		{53755CFF-8DCC-45EC-8859-7AE7D1601424}.Release|Any CPU.ActiveCfg = Release|Any CPU
		{53755CFF-8DCC-45EC-8859-7AE7D1601424}.Release|Any CPU.Build.0 = Release|Any CPU
		{ACBBC7FA-9C22-4168-BB9A-19A459141A68}.Debug|Any CPU.ActiveCfg = Debug|Any CPU
		{ACBBC7FA-9C22-4168-BB9A-19A459141A68}.Debug|Any CPU.Build.0 = Debug|Any CPU
		{ACBBC7FA-9C22-4168-BB9A-19A459141A68}.Release|Any CPU.ActiveCfg = Release|Any CPU
		{ACBBC7FA-9C22-4168-BB9A-19A459141A68}.Release|Any CPU.Build.0 = Release|Any CPU
		{0DBEF469-EB7B-4A21-87FF-69ABFE16FC3B}.Debug|Any CPU.ActiveCfg = Debug|Any CPU
		{0DBEF469-EB7B-4A21-87FF-69ABFE16FC3B}.Debug|Any CPU.Build.0 = Debug|Any CPU
		{0DBEF469-EB7B-4A21-87FF-69ABFE16FC3B}.Release|Any CPU.ActiveCfg = Release|Any CPU
		{0DBEF469-EB7B-4A21-87FF-69ABFE16FC3B}.Release|Any CPU.Build.0 = Release|Any CPU
		{D68A37B3-766C-4FA1-A47C-5097455976F9}.Debug|Any CPU.ActiveCfg = Debug|Any CPU
		{D68A37B3-766C-4FA1-A47C-5097455976F9}.Debug|Any CPU.Build.0 = Debug|Any CPU
		{D68A37B3-766C-4FA1-A47C-5097455976F9}.Release|Any CPU.ActiveCfg = Release|Any CPU
		{D68A37B3-766C-4FA1-A47C-5097455976F9}.Release|Any CPU.Build.0 = Release|Any CPU
		{DC1241FF-E640-4378-8815-C28E3F5B98F5}.Debug|Any CPU.ActiveCfg = Debug|Any CPU
		{DC1241FF-E640-4378-8815-C28E3F5B98F5}.Debug|Any CPU.Build.0 = Debug|Any CPU
		{DC1241FF-E640-4378-8815-C28E3F5B98F5}.Release|Any CPU.ActiveCfg = Release|Any CPU
		{DC1241FF-E640-4378-8815-C28E3F5B98F5}.Release|Any CPU.Build.0 = Release|Any CPU
		{929A5965-F6B1-402C-A4FE-FA5EB0378125}.Debug|Any CPU.ActiveCfg = Debug|Any CPU
		{929A5965-F6B1-402C-A4FE-FA5EB0378125}.Debug|Any CPU.Build.0 = Debug|Any CPU
		{929A5965-F6B1-402C-A4FE-FA5EB0378125}.Release|Any CPU.ActiveCfg = Release|Any CPU
		{929A5965-F6B1-402C-A4FE-FA5EB0378125}.Release|Any CPU.Build.0 = Release|Any CPU
		{13594C09-8B75-4E5C-B826-2069B6958EC6}.Debug|Any CPU.ActiveCfg = Debug|Any CPU
		{13594C09-8B75-4E5C-B826-2069B6958EC6}.Debug|Any CPU.Build.0 = Debug|Any CPU
		{13594C09-8B75-4E5C-B826-2069B6958EC6}.Release|Any CPU.ActiveCfg = Release|Any CPU
		{13594C09-8B75-4E5C-B826-2069B6958EC6}.Release|Any CPU.Build.0 = Release|Any CPU
	EndGlobalSection
	GlobalSection(SolutionProperties) = preSolution
		HideSolutionNode = FALSE
	EndGlobalSection
	GlobalSection(NestedProjects) = preSolution
		{EAD7827D-2384-455A-BC5F-12131BF83DF9} = {89E7D2BB-CBC0-40ED-857C-092405AA61F8}
		{DAEBFDB2-3023-4880-8A5C-CDD833E7B00A} = {89E7D2BB-CBC0-40ED-857C-092405AA61F8}
		{DA1224FB-04D2-43A2-BE30-35387D68A051} = {89E7D2BB-CBC0-40ED-857C-092405AA61F8}
		{DD316D92-B494-4D3D-8462-C9F4F6D38689} = {89E7D2BB-CBC0-40ED-857C-092405AA61F8}
		{921F0567-E4C5-4A3D-8701-911D36CE6980} = {89E7D2BB-CBC0-40ED-857C-092405AA61F8}
		{18739E5C-04EC-497D-91EA-4902B00B669C} = {DAEBFDB2-3023-4880-8A5C-CDD833E7B00A}
		{140BB512-1C3C-4F32-B5B8-025320137298} = {DAEBFDB2-3023-4880-8A5C-CDD833E7B00A}
		{49FF9DCC-9D66-4968-99B3-B6CC1D0EC01C} = {DA1224FB-04D2-43A2-BE30-35387D68A051}
		{53755CFF-8DCC-45EC-8859-7AE7D1601424} = {DA1224FB-04D2-43A2-BE30-35387D68A051}
		{ACBBC7FA-9C22-4168-BB9A-19A459141A68} = {EAD7827D-2384-455A-BC5F-12131BF83DF9}
		{0DBEF469-EB7B-4A21-87FF-69ABFE16FC3B} = {DD316D92-B494-4D3D-8462-C9F4F6D38689}
		{D68A37B3-766C-4FA1-A47C-5097455976F9} = {921F0567-E4C5-4A3D-8701-911D36CE6980}
		{DC1241FF-E640-4378-8815-C28E3F5B98F5} = {EEF2BF17-ADBA-42DC-BF11-326E5CD4F944}
		{929A5965-F6B1-402C-A4FE-FA5EB0378125} = {EEF2BF17-ADBA-42DC-BF11-326E5CD4F944}
		{13594C09-8B75-4E5C-B826-2069B6958EC6} = {EEF2BF17-ADBA-42DC-BF11-326E5CD4F944}
	EndGlobalSection
	GlobalSection(ExtensibilityGlobals) = postSolution
		SolutionGuid = {AC57C949-BB11-418F-B310-3F3BD86C1992}
	EndGlobalSection
EndGlobal
